
Microsoft Visual Studio Solution File, Format Version 12.00
# Visual Studio 15
VisualStudioVersion = 15.0.28307.136
MinimumVisualStudioVersion = 10.0.40219.1
Project("{FAE04EC0-301F-11D3-BF4B-00C04F79EFBC}") = "Aranda.Users.BackEnd", "Aranda.Users\Aranda.Users.BackEnd.csproj", "{35A3AE5B-B694-4940-ADA0-D8456F4B232B}"
EndProject
Global
	GlobalSection(SolutionConfigurationPlatforms) = preSolution
		Debug|Any CPU = Debug|Any CPU
		Release|Any CPU = Release|Any CPU
	EndGlobalSection
	GlobalSection(ProjectConfigurationPlatforms) = postSolution
		{35A3AE5B-B694-4940-ADA0-D8456F4B232B}.Debug|Any CPU.ActiveCfg = Debug|Any CPU
		{35A3AE5B-B694-4940-ADA0-D8456F4B232B}.Debug|Any CPU.Build.0 = Debug|Any CPU
		{35A3AE5B-B694-4940-ADA0-D8456F4B232B}.Release|Any CPU.ActiveCfg = Release|Any CPU
		{35A3AE5B-B694-4940-ADA0-D8456F4B232B}.Release|Any CPU.Build.0 = Release|Any CPU
	EndGlobalSection
	GlobalSection(SolutionProperties) = preSolution
		HideSolutionNode = FALSE
	EndGlobalSection
	GlobalSection(ExtensibilityGlobals) = postSolution
		SolutionGuid = {4CD848CD-D2DF-4486-966D-F0B3986A4511}
	EndGlobalSection
EndGlobal
